
Microsoft Visual Studio Solution File, Format Version 12.00
# Visual Studio Version 16
VisualStudioVersion = 16.0.30114.105
MinimumVisualStudioVersion = 10.0.40219.1
Project("{8BC9CEB8-8B4A-11D0-8D11-00A0C91BC942}") = "MaxDifferenceIndex", "MaxDifferenceIndex\MaxDifferenceIndex.vcxproj", "{C926FDB1-30B5-4A32-80B9-B8A06D1A327D}"
EndProject
Global
	GlobalSection(SolutionConfigurationPlatforms) = preSolution
		Debug|x64 = Debug|x64
		Debug|x86 = Debug|x86
		Release|x64 = Release|x64
		Release|x86 = Release|x86
	EndGlobalSection
	GlobalSection(ProjectConfigurationPlatforms) = postSolution
		{C926FDB1-30B5-4A32-80B9-B8A06D1A327D}.Debug|x64.ActiveCfg = Debug|x64
		{C926FDB1-30B5-4A32-80B9-B8A06D1A327D}.Debug|x64.Build.0 = Debug|x64
		{C926FDB1-30B5-4A32-80B9-B8A06D1A327D}.Debug|x86.ActiveCfg = Debug|Win32
		{C926FDB1-30B5-4A32-80B9-B8A06D1A327D}.Debug|x86.Build.0 = Debug|Win32
		{C926FDB1-30B5-4A32-80B9-B8A06D1A327D}.Release|x64.ActiveCfg = Release|x64
		{C926FDB1-30B5-4A32-80B9-B8A06D1A327D}.Release|x64.Build.0 = Release|x64
		{C926FDB1-30B5-4A32-80B9-B8A06D1A327D}.Release|x86.ActiveCfg = Release|Win32
		{C926FDB1-30B5-4A32-80B9-B8A06D1A327D}.Release|x86.Build.0 = Release|Win32
	EndGlobalSection
	GlobalSection(SolutionProperties) = preSolution
		HideSolutionNode = FALSE
	EndGlobalSection
	GlobalSection(ExtensibilityGlobals) = postSolution
		SolutionGuid = {448C6EFD-4B65-4B59-A138-04F1F476A41D}
	EndGlobalSection
EndGlobal
