
Microsoft Visual Studio Solution File, Format Version 12.00
# Visual Studio Version 16
VisualStudioVersion = 16.0.30114.105
MinimumVisualStudioVersion = 10.0.40219.1
Project("{8BC9CEB8-8B4A-11D0-8D11-00A0C91BC942}") = "BinarySearchInfinite", "BinarySearchInfinite\BinarySearchInfinite.vcxproj", "{6F414867-F479-4A85-9220-FDE7A1509FF8}"
EndProject
Global
	GlobalSection(SolutionConfigurationPlatforms) = preSolution
		Debug|x64 = Debug|x64
		Debug|x86 = Debug|x86
		Release|x64 = Release|x64
		Release|x86 = Release|x86
	EndGlobalSection
	GlobalSection(ProjectConfigurationPlatforms) = postSolution
		{6F414867-F479-4A85-9220-FDE7A1509FF8}.Debug|x64.ActiveCfg = Debug|x64
		{6F414867-F479-4A85-9220-FDE7A1509FF8}.Debug|x64.Build.0 = Debug|x64
		{6F414867-F479-4A85-9220-FDE7A1509FF8}.Debug|x86.ActiveCfg = Debug|Win32
		{6F414867-F479-4A85-9220-FDE7A1509FF8}.Debug|x86.Build.0 = Debug|Win32
		{6F414867-F479-4A85-9220-FDE7A1509FF8}.Release|x64.ActiveCfg = Release|x64
		{6F414867-F479-4A85-9220-FDE7A1509FF8}.Release|x64.Build.0 = Release|x64
		{6F414867-F479-4A85-9220-FDE7A1509FF8}.Release|x86.ActiveCfg = Release|Win32
		{6F414867-F479-4A85-9220-FDE7A1509FF8}.Release|x86.Build.0 = Release|Win32
	EndGlobalSection
	GlobalSection(SolutionProperties) = preSolution
		HideSolutionNode = FALSE
	EndGlobalSection
	GlobalSection(ExtensibilityGlobals) = postSolution
		SolutionGuid = {4671E343-6473-41D8-9E20-1824EFCB4175}
	EndGlobalSection
EndGlobal
